// !$*UTF8*$!
{
	archiveVersion = 1;
	classes = {
	};
	objectVersion = 46;
	objects = {

/* Begin PBXBuildFile section */
		B7AA2F31D947BD9695CB8193 /* Pods_TellemApp.framework in Frameworks */ = {isa = PBXBuildFile; fileRef = F1181C58917D4159BDD3189A /* Pods_TellemApp.framework */; };
		D710471F1E5D7E4B00E7929D /* AppDelegate.swift in Sources */ = {isa = PBXBuildFile; fileRef = D710471E1E5D7E4B00E7929D /* AppDelegate.swift */; };
		D71047271E5D7E4B00E7929D /* TellemApp.xcdatamodeld in Sources */ = {isa = PBXBuildFile; fileRef = D71047251E5D7E4B00E7929D /* TellemApp.xcdatamodeld */; };
		D71047291E5D7E4B00E7929D /* Assets.xcassets in Resources */ = {isa = PBXBuildFile; fileRef = D71047281E5D7E4B00E7929D /* Assets.xcassets */; };
		D710472C1E5D7E4B00E7929D /* LaunchScreen.storyboard in Resources */ = {isa = PBXBuildFile; fileRef = D710472A1E5D7E4B00E7929D /* LaunchScreen.storyboard */; };
		D710473F1E5D837C00E7929D /* ChatsViewController.swift in Sources */ = {isa = PBXBuildFile; fileRef = D71047341E5D837C00E7929D /* ChatsViewController.swift */; };
		D71047401E5D837C00E7929D /* ChooseSignUpController.swift in Sources */ = {isa = PBXBuildFile; fileRef = D71047351E5D837C00E7929D /* ChooseSignUpController.swift */; };
		D71047411E5D837C00E7929D /* CompleteSignUpController.swift in Sources */ = {isa = PBXBuildFile; fileRef = D71047361E5D837C00E7929D /* CompleteSignUpController.swift */; };
		D71047421E5D837C00E7929D /* ContactsViewController.swift in Sources */ = {isa = PBXBuildFile; fileRef = D71047371E5D837C00E7929D /* ContactsViewController.swift */; };
		D71047431E5D837C00E7929D /* FinishSignUpController.swift in Sources */ = {isa = PBXBuildFile; fileRef = D71047381E5D837C00E7929D /* FinishSignUpController.swift */; };
		D71047441E5D837C00E7929D /* LoginViewController.swift in Sources */ = {isa = PBXBuildFile; fileRef = D71047391E5D837C00E7929D /* LoginViewController.swift */; };
		D71047451E5D837C00E7929D /* ProfessionalSignUpController.swift in Sources */ = {isa = PBXBuildFile; fileRef = D710473A1E5D837C00E7929D /* ProfessionalSignUpController.swift */; };
		D71047461E5D837C00E7929D /* ResetPasswordViewController.swift in Sources */ = {isa = PBXBuildFile; fileRef = D710473B1E5D837C00E7929D /* ResetPasswordViewController.swift */; };
		D71047471E5D837C00E7929D /* SearchViewController.swift in Sources */ = {isa = PBXBuildFile; fileRef = D710473C1E5D837C00E7929D /* SearchViewController.swift */; };
		D71047481E5D837C00E7929D /* SettingsViewController.swift in Sources */ = {isa = PBXBuildFile; fileRef = D710473D1E5D837C00E7929D /* SettingsViewController.swift */; };
		D71047491E5D837C00E7929D /* SignUpController.swift in Sources */ = {isa = PBXBuildFile; fileRef = D710473E1E5D837C00E7929D /* SignUpController.swift */; };
		D71047521E5D843B00E7929D /* ActivityIndicator.swift in Sources */ = {isa = PBXBuildFile; fileRef = D710474D1E5D843B00E7929D /* ActivityIndicator.swift */; };
		D71047531E5D843B00E7929D /* ChatsHelper.swift in Sources */ = {isa = PBXBuildFile; fileRef = D710474E1E5D843B00E7929D /* ChatsHelper.swift */; };
		D71047541E5D843B00E7929D /* DatabaseService.swift in Sources */ = {isa = PBXBuildFile; fileRef = D710474F1E5D843B00E7929D /* DatabaseService.swift */; };
		D71047551E5D843B00E7929D /* Extensions.swift in Sources */ = {isa = PBXBuildFile; fileRef = D71047501E5D843B00E7929D /* Extensions.swift */; };
		D71047561E5D843B00E7929D /* UserObject.swift in Sources */ = {isa = PBXBuildFile; fileRef = D71047511E5D843B00E7929D /* UserObject.swift */; };
		D71047591E5D84B900E7929D /* Main.storyboard in Resources */ = {isa = PBXBuildFile; fileRef = D71047571E5D84B900E7929D /* Main.storyboard */; };
		D715250F1E5D884100D7ED68 /* GoogleService-Info.plist in Resources */ = {isa = PBXBuildFile; fileRef = D715250E1E5D884100D7ED68 /* GoogleService-Info.plist */; };
		D71525111E5F036400D7ED68 /* ConversationViewController.swift in Sources */ = {isa = PBXBuildFile; fileRef = D71525101E5F036400D7ED68 /* ConversationViewController.swift */; };
/* End PBXBuildFile section */

/* Begin PBXFileReference section */
		2A82DFCE45B788DE482814C7 /* Pods-TellemApp.release.xcconfig */ = {isa = PBXFileReference; includeInIndex = 1; lastKnownFileType = text.xcconfig; name = "Pods-TellemApp.release.xcconfig"; path = "Pods/Target Support Files/Pods-TellemApp/Pods-TellemApp.release.xcconfig"; sourceTree = "<group>"; };
		817BA4AFF506E3EB2C55513F /* Pods-TellemApp.debug.xcconfig */ = {isa = PBXFileReference; includeInIndex = 1; lastKnownFileType = text.xcconfig; name = "Pods-TellemApp.debug.xcconfig"; path = "Pods/Target Support Files/Pods-TellemApp/Pods-TellemApp.debug.xcconfig"; sourceTree = "<group>"; };
		D710471B1E5D7E4A00E7929D /* TellemApp.app */ = {isa = PBXFileReference; explicitFileType = wrapper.application; includeInIndex = 0; path = TellemApp.app; sourceTree = BUILT_PRODUCTS_DIR; };
		D710471E1E5D7E4B00E7929D /* AppDelegate.swift */ = {isa = PBXFileReference; lastKnownFileType = sourcecode.swift; path = AppDelegate.swift; sourceTree = "<group>"; };
		D71047261E5D7E4B00E7929D /* TellemApp.xcdatamodel */ = {isa = PBXFileReference; lastKnownFileType = wrapper.xcdatamodel; path = TellemApp.xcdatamodel; sourceTree = "<group>"; };
		D71047281E5D7E4B00E7929D /* Assets.xcassets */ = {isa = PBXFileReference; lastKnownFileType = folder.assetcatalog; path = Assets.xcassets; sourceTree = "<group>"; };
		D710472B1E5D7E4B00E7929D /* Base */ = {isa = PBXFileReference; lastKnownFileType = file.storyboard; name = Base; path = Base.lproj/LaunchScreen.storyboard; sourceTree = "<group>"; };
		D710472D1E5D7E4B00E7929D /* Info.plist */ = {isa = PBXFileReference; lastKnownFileType = text.plist.xml; path = Info.plist; sourceTree = "<group>"; };
		D71047341E5D837C00E7929D /* ChatsViewController.swift */ = {isa = PBXFileReference; fileEncoding = 4; lastKnownFileType = sourcecode.swift; path = ChatsViewController.swift; sourceTree = "<group>"; };
		D71047351E5D837C00E7929D /* ChooseSignUpController.swift */ = {isa = PBXFileReference; fileEncoding = 4; lastKnownFileType = sourcecode.swift; path = ChooseSignUpController.swift; sourceTree = "<group>"; };
		D71047361E5D837C00E7929D /* CompleteSignUpController.swift */ = {isa = PBXFileReference; fileEncoding = 4; lastKnownFileType = sourcecode.swift; path = CompleteSignUpController.swift; sourceTree = "<group>"; };
		D71047371E5D837C00E7929D /* ContactsViewController.swift */ = {isa = PBXFileReference; fileEncoding = 4; lastKnownFileType = sourcecode.swift; path = ContactsViewController.swift; sourceTree = "<group>"; };
		D71047381E5D837C00E7929D /* FinishSignUpController.swift */ = {isa = PBXFileReference; fileEncoding = 4; lastKnownFileType = sourcecode.swift; path = FinishSignUpController.swift; sourceTree = "<group>"; };
		D71047391E5D837C00E7929D /* LoginViewController.swift */ = {isa = PBXFileReference; fileEncoding = 4; lastKnownFileType = sourcecode.swift; path = LoginViewController.swift; sourceTree = "<group>"; };
		D710473A1E5D837C00E7929D /* ProfessionalSignUpController.swift */ = {isa = PBXFileReference; fileEncoding = 4; lastKnownFileType = sourcecode.swift; path = ProfessionalSignUpController.swift; sourceTree = "<group>"; };
		D710473B1E5D837C00E7929D /* ResetPasswordViewController.swift */ = {isa = PBXFileReference; fileEncoding = 4; lastKnownFileType = sourcecode.swift; path = ResetPasswordViewController.swift; sourceTree = "<group>"; };
		D710473C1E5D837C00E7929D /* SearchViewController.swift */ = {isa = PBXFileReference; fileEncoding = 4; lastKnownFileType = sourcecode.swift; path = SearchViewController.swift; sourceTree = "<group>"; };
		D710473D1E5D837C00E7929D /* SettingsViewController.swift */ = {isa = PBXFileReference; fileEncoding = 4; lastKnownFileType = sourcecode.swift; path = SettingsViewController.swift; sourceTree = "<group>"; };
		D710473E1E5D837C00E7929D /* SignUpController.swift */ = {isa = PBXFileReference; fileEncoding = 4; lastKnownFileType = sourcecode.swift; path = SignUpController.swift; sourceTree = "<group>"; };
		D710474D1E5D843B00E7929D /* ActivityIndicator.swift */ = {isa = PBXFileReference; fileEncoding = 4; lastKnownFileType = sourcecode.swift; path = ActivityIndicator.swift; sourceTree = "<group>"; };
		D710474E1E5D843B00E7929D /* ChatsHelper.swift */ = {isa = PBXFileReference; fileEncoding = 4; lastKnownFileType = sourcecode.swift; path = ChatsHelper.swift; sourceTree = "<group>"; };
		D710474F1E5D843B00E7929D /* DatabaseService.swift */ = {isa = PBXFileReference; fileEncoding = 4; lastKnownFileType = sourcecode.swift; path = DatabaseService.swift; sourceTree = "<group>"; };
		D71047501E5D843B00E7929D /* Extensions.swift */ = {isa = PBXFileReference; fileEncoding = 4; lastKnownFileType = sourcecode.swift; path = Extensions.swift; sourceTree = "<group>"; };
		D71047511E5D843B00E7929D /* UserObject.swift */ = {isa = PBXFileReference; fileEncoding = 4; lastKnownFileType = sourcecode.swift; path = UserObject.swift; sourceTree = "<group>"; };
		D71047581E5D84B900E7929D /* Base */ = {isa = PBXFileReference; lastKnownFileType = file.storyboard; name = Base; path = Base.lproj/Main.storyboard; sourceTree = "<group>"; };
		D715250E1E5D884100D7ED68 /* GoogleService-Info.plist */ = {isa = PBXFileReference; fileEncoding = 4; lastKnownFileType = text.plist.xml; path = "GoogleService-Info.plist"; sourceTree = "<group>"; };
		D71525101E5F036400D7ED68 /* ConversationViewController.swift */ = {isa = PBXFileReference; fileEncoding = 4; lastKnownFileType = sourcecode.swift; path = ConversationViewController.swift; sourceTree = "<group>"; };
		F1181C58917D4159BDD3189A /* Pods_TellemApp.framework */ = {isa = PBXFileReference; explicitFileType = wrapper.framework; includeInIndex = 0; path = Pods_TellemApp.framework; sourceTree = BUILT_PRODUCTS_DIR; };
/* End PBXFileReference section */

/* Begin PBXFrameworksBuildPhase section */
		D71047181E5D7E4A00E7929D /* Frameworks */ = {
			isa = PBXFrameworksBuildPhase;
			buildActionMask = 2147483647;
			files = (
				B7AA2F31D947BD9695CB8193 /* Pods_TellemApp.framework in Frameworks */,
			);
			runOnlyForDeploymentPostprocessing = 0;
		};
/* End PBXFrameworksBuildPhase section */

/* Begin PBXGroup section */
		0345ADE67093FCCB33529756 /* Frameworks */ = {
			isa = PBXGroup;
			children = (
				F1181C58917D4159BDD3189A /* Pods_TellemApp.framework */,
			);
			name = Frameworks;
			sourceTree = "<group>";
		};
		1C132A4D438E720EC42FBB37 /* Pods */ = {
			isa = PBXGroup;
			children = (
				817BA4AFF506E3EB2C55513F /* Pods-TellemApp.debug.xcconfig */,
				2A82DFCE45B788DE482814C7 /* Pods-TellemApp.release.xcconfig */,
			);
			name = Pods;
			sourceTree = "<group>";
		};
		D71047121E5D7E4A00E7929D = {
			isa = PBXGroup;
			children = (
				D710471D1E5D7E4A00E7929D /* TellemApp */,
				D710471C1E5D7E4A00E7929D /* Products */,
				1C132A4D438E720EC42FBB37 /* Pods */,
				0345ADE67093FCCB33529756 /* Frameworks */,
			);
			sourceTree = "<group>";
		};
		D710471C1E5D7E4A00E7929D /* Products */ = {
			isa = PBXGroup;
			children = (
				D710471B1E5D7E4A00E7929D /* TellemApp.app */,
			);
			name = Products;
			sourceTree = "<group>";
		};
		D710471D1E5D7E4A00E7929D /* TellemApp */ = {
			isa = PBXGroup;
			children = (
				D710474C1E5D841000E7929D /* Helpers */,
				D71047331E5D825C00E7929D /* Controllers */,
				D710471E1E5D7E4B00E7929D /* AppDelegate.swift */,
				D71047281E5D7E4B00E7929D /* Assets.xcassets */,
				D71047571E5D84B900E7929D /* Main.storyboard */,
				D710472A1E5D7E4B00E7929D /* LaunchScreen.storyboard */,
				D710472D1E5D7E4B00E7929D /* Info.plist */,
				D715250E1E5D884100D7ED68 /* GoogleService-Info.plist */,
				D71047251E5D7E4B00E7929D /* TellemApp.xcdatamodeld */,
			);
			path = TellemApp;
			sourceTree = "<group>";
		};
		D71047331E5D825C00E7929D /* Controllers */ = {
			isa = PBXGroup;
			children = (
				D71047341E5D837C00E7929D /* ChatsViewController.swift */,
				D71047351E5D837C00E7929D /* ChooseSignUpController.swift */,
				D71047361E5D837C00E7929D /* CompleteSignUpController.swift */,
				D71047371E5D837C00E7929D /* ContactsViewController.swift */,
				D71047381E5D837C00E7929D /* FinishSignUpController.swift */,
				D71047391E5D837C00E7929D /* LoginViewController.swift */,
				D710473A1E5D837C00E7929D /* ProfessionalSignUpController.swift */,
				D710473B1E5D837C00E7929D /* ResetPasswordViewController.swift */,
				D710473C1E5D837C00E7929D /* SearchViewController.swift */,
				D710473D1E5D837C00E7929D /* SettingsViewController.swift */,
				D710473E1E5D837C00E7929D /* SignUpController.swift */,
				D71525101E5F036400D7ED68 /* ConversationViewController.swift */,
			);
			name = Controllers;
			sourceTree = "<group>";
		};
		D710474C1E5D841000E7929D /* Helpers */ = {
			isa = PBXGroup;
			children = (
				D710474D1E5D843B00E7929D /* ActivityIndicator.swift */,
				D710474E1E5D843B00E7929D /* ChatsHelper.swift */,
				D710474F1E5D843B00E7929D /* DatabaseService.swift */,
				D71047501E5D843B00E7929D /* Extensions.swift */,
				D71047511E5D843B00E7929D /* UserObject.swift */,
			);
			name = Helpers;
			sourceTree = "<group>";
		};
/* End PBXGroup section */

/* Begin PBXNativeTarget section */
		D710471A1E5D7E4A00E7929D /* TellemApp */ = {
			isa = PBXNativeTarget;
			buildConfigurationList = D71047301E5D7E4B00E7929D /* Build configuration list for PBXNativeTarget "TellemApp" */;
			buildPhases = (
				E899B15050F4445CDC26FA29 /* [CP] Check Pods Manifest.lock */,
				D71047171E5D7E4A00E7929D /* Sources */,
				D71047181E5D7E4A00E7929D /* Frameworks */,
				D71047191E5D7E4A00E7929D /* Resources */,
				083EF47EA021CAB11BC8138A /* [CP] Embed Pods Frameworks */,
				40A12564C51311DFF3466D57 /* [CP] Copy Pods Resources */,
			);
			buildRules = (
			);
			dependencies = (
			);
			name = TellemApp;
			productName = TellemApp;
			productReference = D710471B1E5D7E4A00E7929D /* TellemApp.app */;
			productType = "com.apple.product-type.application";
		};
/* End PBXNativeTarget section */

/* Begin PBXProject section */
		D71047131E5D7E4A00E7929D /* Project object */ = {
			isa = PBXProject;
			attributes = {
				LastSwiftUpdateCheck = 0820;
				LastUpgradeCheck = 0820;
				ORGANIZATIONNAME = "Rubens Neto";
				TargetAttributes = {
					D710471A1E5D7E4A00E7929D = {
						CreatedOnToolsVersion = 8.2.1;
						DevelopmentTeam = 65629Q9C5V;
						LastSwiftMigration = 0820;
						ProvisioningStyle = Automatic;
					};
				};
			};
			buildConfigurationList = D71047161E5D7E4A00E7929D /* Build configuration list for PBXProject "TellemApp" */;
			compatibilityVersion = "Xcode 3.2";
			developmentRegion = English;
			hasScannedForEncodings = 0;
			knownRegions = (
				en,
				Base,
			);
			mainGroup = D71047121E5D7E4A00E7929D;
			productRefGroup = D710471C1E5D7E4A00E7929D /* Products */;
			projectDirPath = "";
			projectRoot = "";
			targets = (
				D710471A1E5D7E4A00E7929D /* TellemApp */,
			);
		};
/* End PBXProject section */

/* Begin PBXResourcesBuildPhase section */
		D71047191E5D7E4A00E7929D /* Resources */ = {
			isa = PBXResourcesBuildPhase;
			buildActionMask = 2147483647;
			files = (
				D710472C1E5D7E4B00E7929D /* LaunchScreen.storyboard in Resources */,
				D715250F1E5D884100D7ED68 /* GoogleService-Info.plist in Resources */,
				D71047291E5D7E4B00E7929D /* Assets.xcassets in Resources */,
				D71047591E5D84B900E7929D /* Main.storyboard in Resources */,
			);
			runOnlyForDeploymentPostprocessing = 0;
		};
/* End PBXResourcesBuildPhase section */

/* Begin PBXShellScriptBuildPhase section */
		083EF47EA021CAB11BC8138A /* [CP] Embed Pods Frameworks */ = {
			isa = PBXShellScriptBuildPhase;
			buildActionMask = 2147483647;
			files = (
			);
			inputPaths = (
			);
			name = "[CP] Embed Pods Frameworks";
			outputPaths = (
			);
			runOnlyForDeploymentPostprocessing = 0;
			shellPath = /bin/sh;
			shellScript = "\"${SRCROOT}/Pods/Target Support Files/Pods-TellemApp/Pods-TellemApp-frameworks.sh\"\n";
			showEnvVarsInLog = 0;
		};
		40A12564C51311DFF3466D57 /* [CP] Copy Pods Resources */ = {
			isa = PBXShellScriptBuildPhase;
			buildActionMask = 2147483647;
			files = (
			);
			inputPaths = (
			);
			name = "[CP] Copy Pods Resources";
			outputPaths = (
			);
			runOnlyForDeploymentPostprocessing = 0;
			shellPath = /bin/sh;
			shellScript = "\"${SRCROOT}/Pods/Target Support Files/Pods-TellemApp/Pods-TellemApp-resources.sh\"\n";
			showEnvVarsInLog = 0;
		};
		E899B15050F4445CDC26FA29 /* [CP] Check Pods Manifest.lock */ = {
			isa = PBXShellScriptBuildPhase;
			buildActionMask = 2147483647;
			files = (
			);
			inputPaths = (
			);
			name = "[CP] Check Pods Manifest.lock";
			outputPaths = (
			);
			runOnlyForDeploymentPostprocessing = 0;
			shellPath = /bin/sh;
			shellScript = "diff \"${PODS_ROOT}/../Podfile.lock\" \"${PODS_ROOT}/Manifest.lock\" > /dev/null\nif [[ $? != 0 ]] ; then\n    cat << EOM\nerror: The sandbox is not in sync with the Podfile.lock. Run 'pod install' or update your CocoaPods installation.\nEOM\n    exit 1\nfi\n";
			showEnvVarsInLog = 0;
		};
/* End PBXShellScriptBuildPhase section */

/* Begin PBXSourcesBuildPhase section */
		D71047171E5D7E4A00E7929D /* Sources */ = {
			isa = PBXSourcesBuildPhase;
			buildActionMask = 2147483647;
			files = (
				D71047541E5D843B00E7929D /* DatabaseService.swift in Sources */,
				D71047551E5D843B00E7929D /* Extensions.swift in Sources */,
				D71047441E5D837C00E7929D /* LoginViewController.swift in Sources */,
				D71047521E5D843B00E7929D /* ActivityIndicator.swift in Sources */,
				D71047451E5D837C00E7929D /* ProfessionalSignUpController.swift in Sources */,
				D71047461E5D837C00E7929D /* ResetPasswordViewController.swift in Sources */,
				D71047421E5D837C00E7929D /* ContactsViewController.swift in Sources */,
				D71047431E5D837C00E7929D /* FinishSignUpController.swift in Sources */,
				D71047471E5D837C00E7929D /* SearchViewController.swift in Sources */,
				D710471F1E5D7E4B00E7929D /* AppDelegate.swift in Sources */,
				D71525111E5F036400D7ED68 /* ConversationViewController.swift in Sources */,
				D71047411E5D837C00E7929D /* CompleteSignUpController.swift in Sources */,
				D71047491E5D837C00E7929D /* SignUpController.swift in Sources */,
				D71047401E5D837C00E7929D /* ChooseSignUpController.swift in Sources */,
				D71047481E5D837C00E7929D /* SettingsViewController.swift in Sources */,
				D710473F1E5D837C00E7929D /* ChatsViewController.swift in Sources */,
				D71047561E5D843B00E7929D /* UserObject.swift in Sources */,
				D71047271E5D7E4B00E7929D /* TellemApp.xcdatamodeld in Sources */,
				D71047531E5D843B00E7929D /* ChatsHelper.swift in Sources */,
			);
			runOnlyForDeploymentPostprocessing = 0;
		};
/* End PBXSourcesBuildPhase section */

/* Begin PBXVariantGroup section */
		D710472A1E5D7E4B00E7929D /* LaunchScreen.storyboard */ = {
			isa = PBXVariantGroup;
			children = (
				D710472B1E5D7E4B00E7929D /* Base */,
			);
			name = LaunchScreen.storyboard;
			sourceTree = "<group>";
		};
		D71047571E5D84B900E7929D /* Main.storyboard */ = {
			isa = PBXVariantGroup;
			children = (
				D71047581E5D84B900E7929D /* Base */,
			);
			name = Main.storyboard;
			sourceTree = "<group>";
		};
/* End PBXVariantGroup section */

/* Begin XCBuildConfiguration section */
		D710472E1E5D7E4B00E7929D /* Debug */ = {
			isa = XCBuildConfiguration;
			buildSettings = {
				ALWAYS_SEARCH_USER_PATHS = NO;
				CLANG_ANALYZER_NONNULL = YES;
				CLANG_CXX_LANGUAGE_STANDARD = "gnu++0x";
				CLANG_CXX_LIBRARY = "libc++";
				CLANG_ENABLE_MODULES = YES;
				CLANG_ENABLE_OBJC_ARC = YES;
				CLANG_WARN_BOOL_CONVERSION = YES;
				CLANG_WARN_CONSTANT_CONVERSION = YES;
				CLANG_WARN_DIRECT_OBJC_ISA_USAGE = YES_ERROR;
				CLANG_WARN_DOCUMENTATION_COMMENTS = YES;
				CLANG_WARN_EMPTY_BODY = YES;
				CLANG_WARN_ENUM_CONVERSION = YES;
				CLANG_WARN_INFINITE_RECURSION = YES;
				CLANG_WARN_INT_CONVERSION = YES;
				CLANG_WARN_OBJC_ROOT_CLASS = YES_ERROR;
				CLANG_WARN_SUSPICIOUS_MOVE = YES;
				CLANG_WARN_UNREACHABLE_CODE = YES;
				CLANG_WARN__DUPLICATE_METHOD_MATCH = YES;
				"CODE_SIGN_IDENTITY[sdk=iphoneos*]" = "iPhone Developer";
				COPY_PHASE_STRIP = NO;
				DEBUG_INFORMATION_FORMAT = dwarf;
				ENABLE_STRICT_OBJC_MSGSEND = YES;
				ENABLE_TESTABILITY = YES;
				GCC_C_LANGUAGE_STANDARD = gnu99;
				GCC_DYNAMIC_NO_PIC = NO;
				GCC_NO_COMMON_BLOCKS = YES;
				GCC_OPTIMIZATION_LEVEL = 0;
				GCC_PREPROCESSOR_DEFINITIONS = (
					"DEBUG=1",
					"$(inherited)",
				);
				GCC_WARN_64_TO_32_BIT_CONVERSION = YES;
				GCC_WARN_ABOUT_RETURN_TYPE = YES_ERROR;
				GCC_WARN_UNDECLARED_SELECTOR = YES;
				GCC_WARN_UNINITIALIZED_AUTOS = YES_AGGRESSIVE;
				GCC_WARN_UNUSED_FUNCTION = YES;
				GCC_WARN_UNUSED_VARIABLE = YES;
				IPHONEOS_DEPLOYMENT_TARGET = 10.0;
				MTL_ENABLE_DEBUG_INFO = YES;
				ONLY_ACTIVE_ARCH = YES;
				SDKROOT = iphoneos;
				SWIFT_ACTIVE_COMPILATION_CONDITIONS = DEBUG;
				SWIFT_OPTIMIZATION_LEVEL = "-Onone";
			};
			name = Debug;
		};
		D710472F1E5D7E4B00E7929D /* Release */ = {
			isa = XCBuildConfiguration;
			buildSettings = {
				ALWAYS_SEARCH_USER_PATHS = NO;
				CLANG_ANALYZER_NONNULL = YES;
				CLANG_CXX_LANGUAGE_STANDARD = "gnu++0x";
				CLANG_CXX_LIBRARY = "libc++";
				CLANG_ENABLE_MODULES = YES;
				CLANG_ENABLE_OBJC_ARC = YES;
				CLANG_WARN_BOOL_CONVERSION = YES;
				CLANG_WARN_CONSTANT_CONVERSION = YES;
				CLANG_WARN_DIRECT_OBJC_ISA_USAGE = YES_ERROR;
				CLANG_WARN_DOCUMENTATION_COMMENTS = YES;
				CLANG_WARN_EMPTY_BODY = YES;
				CLANG_WARN_ENUM_CONVERSION = YES;
				CLANG_WARN_INFINITE_RECURSION = YES;
				CLANG_WARN_INT_CONVERSION = YES;
				CLANG_WARN_OBJC_ROOT_CLASS = YES_ERROR;
				CLANG_WARN_SUSPICIOUS_MOVE = YES;
				CLANG_WARN_UNREACHABLE_CODE = YES;
				CLANG_WARN__DUPLICATE_METHOD_MATCH = YES;
				"CODE_SIGN_IDENTITY[sdk=iphoneos*]" = "iPhone Developer";
				COPY_PHASE_STRIP = NO;
				DEBUG_INFORMATION_FORMAT = "dwarf-with-dsym";
				ENABLE_NS_ASSERTIONS = NO;
				ENABLE_STRICT_OBJC_MSGSEND = YES;
				GCC_C_LANGUAGE_STANDARD = gnu99;
				GCC_NO_COMMON_BLOCKS = YES;
				GCC_WARN_64_TO_32_BIT_CONVERSION = YES;
				GCC_WARN_ABOUT_RETURN_TYPE = YES_ERROR;
				GCC_WARN_UNDECLARED_SELECTOR = YES;
				GCC_WARN_UNINITIALIZED_AUTOS = YES_AGGRESSIVE;
				GCC_WARN_UNUSED_FUNCTION = YES;
				GCC_WARN_UNUSED_VARIABLE = YES;
				IPHONEOS_DEPLOYMENT_TARGET = 10.0;
				MTL_ENABLE_DEBUG_INFO = NO;
				SDKROOT = iphoneos;
				SWIFT_OPTIMIZATION_LEVEL = "-Owholemodule";
				VALIDATE_PRODUCT = YES;
			};
			name = Release;
		};
		D71047311E5D7E4B00E7929D /* Debug */ = {
			isa = XCBuildConfiguration;
			baseConfigurationReference = 817BA4AFF506E3EB2C55513F /* Pods-TellemApp.debug.xcconfig */;
			buildSettings = {
				ALWAYS_EMBED_SWIFT_STANDARD_LIBRARIES = YES;
				ASSETCATALOG_COMPILER_APPICON_NAME = AppIcon;
				DEVELOPMENT_TEAM = 65629Q9C5V;
				INFOPLIST_FILE = TellemApp/Info.plist;
				IPHONEOS_DEPLOYMENT_TARGET = 10.0;
				LD_RUNPATH_SEARCH_PATHS = "$(inherited) @executable_path/Frameworks";
				PRODUCT_BUNDLE_IDENTIFIER = com.rubensneto.TellemApp;
				PRODUCT_NAME = "$(TARGET_NAME)";
				SWIFT_VERSION = 3.0;
			};
			name = Debug;
		};
		D71047321E5D7E4B00E7929D /* Release */ = {
			isa = XCBuildConfiguration;
			baseConfigurationReference = 2A82DFCE45B788DE482814C7 /* Pods-TellemApp.release.xcconfig */;
			buildSettings = {
				ALWAYS_EMBED_SWIFT_STANDARD_LIBRARIES = YES;
				ASSETCATALOG_COMPILER_APPICON_NAME = AppIcon;
				DEVELOPMENT_TEAM = 65629Q9C5V;
				INFOPLIST_FILE = TellemApp/Info.plist;
				IPHONEOS_DEPLOYMENT_TARGET = 10.0;
				LD_RUNPATH_SEARCH_PATHS = "$(inherited) @executable_path/Frameworks";
				PRODUCT_BUNDLE_IDENTIFIER = com.rubensneto.TellemApp;
				PRODUCT_NAME = "$(TARGET_NAME)";
				SWIFT_VERSION = 3.0;
			};
			name = Release;
		};
/* End XCBuildConfiguration section */

/* Begin XCConfigurationList section */
		D71047161E5D7E4A00E7929D /* Build configuration list for PBXProject "TellemApp" */ = {
			isa = XCConfigurationList;
			buildConfigurations = (
				D710472E1E5D7E4B00E7929D /* Debug */,
				D710472F1E5D7E4B00E7929D /* Release */,
			);
			defaultConfigurationIsVisible = 0;
			defaultConfigurationName = Release;
		};
		D71047301E5D7E4B00E7929D /* Build configuration list for PBXNativeTarget "TellemApp" */ = {
			isa = XCConfigurationList;
			buildConfigurations = (
				D71047311E5D7E4B00E7929D /* Debug */,
				D71047321E5D7E4B00E7929D /* Release */,
			);
			defaultConfigurationIsVisible = 0;
			defaultConfigurationName = Release;
		};
/* End XCConfigurationList section */

/* Begin XCVersionGroup section */
		D71047251E5D7E4B00E7929D /* TellemApp.xcdatamodeld */ = {
			isa = XCVersionGroup;
			children = (
				D71047261E5D7E4B00E7929D /* TellemApp.xcdatamodel */,
			);
			currentVersion = D71047261E5D7E4B00E7929D /* TellemApp.xcdatamodel */;
			path = TellemApp.xcdatamodeld;
			sourceTree = "<group>";
			versionGroupType = wrapper.xcdatamodel;
		};
/* End XCVersionGroup section */
	};
	rootObject = D71047131E5D7E4A00E7929D /* Project object */;
}
